
Microsoft Visual Studio Solution File, Format Version 12.00
# Visual Studio 2012
Project("{FAE04EC0-301F-11D3-BF4B-00C04F79EFBC}") = "TravelProj", "TravelProj\TravelProj.csproj", "{DFDD9433-6128-4836-B02E-2DBD0821A862}"
EndProject
Global
	GlobalSection(SolutionConfigurationPlatforms) = preSolution
		Debug|Any CPU = Debug|Any CPU
		Release|Any CPU = Release|Any CPU
	EndGlobalSection
	GlobalSection(ProjectConfigurationPlatforms) = postSolution
		{DFDD9433-6128-4836-B02E-2DBD0821A862}.Debug|Any CPU.ActiveCfg = Debug|Any CPU
		{DFDD9433-6128-4836-B02E-2DBD0821A862}.Debug|Any CPU.Build.0 = Debug|Any CPU
		{DFDD9433-6128-4836-B02E-2DBD0821A862}.Release|Any CPU.ActiveCfg = Release|Any CPU
		{DFDD9433-6128-4836-B02E-2DBD0821A862}.Release|Any CPU.Build.0 = Release|Any CPU
	EndGlobalSection
	GlobalSection(SolutionProperties) = preSolution
		HideSolutionNode = FALSE
	EndGlobalSection
EndGlobal
